
Microsoft Visual Studio Solution File, Format Version 12.00
# Visual Studio Version 17
VisualStudioVersion = 17.10.35004.147
MinimumVisualStudioVersion = 10.0.40219.1
Project("{2150E333-8FDC-42A3-9474-1A3956D46DE8}") = "Services", "Services", "{AC2EB133-B772-462E-BA86-A3106F32D268}"
EndProject
Project("{2150E333-8FDC-42A3-9474-1A3956D46DE8}") = "Catalog", "Catalog", "{40F8652B-6940-4868-9241-6B436AD16C91}"
EndProject
Project("{9A19103F-16F7-4668-BE54-9A1E7A4F7556}") = "Catalog.API", "src\Services\Catalog\Catalog.API\Catalog.API.csproj", "{89DBD005-DFBB-496C-B7C9-22F5C503591E}"
EndProject
Project("{2150E333-8FDC-42A3-9474-1A3956D46DE8}") = "BuildingBlocks", "BuildingBlocks", "{0209F43F-56CC-4D9C-96F9-E88DAE80E335}"
EndProject
Project("{9A19103F-16F7-4668-BE54-9A1E7A4F7556}") = "BuildingBlocks", "BuildingBlocks\BuildingBlocks.csproj", "{6B287A70-003C-4049-BFE8-74AC77AC25CC}"
EndProject
Project("{2150E333-8FDC-42A3-9474-1A3956D46DE8}") = "Solution Items", "Solution Items", "{E9069DB9-0A78-45A8-8A86-08B71DA5FF23}"
EndProject
Project("{2150E333-8FDC-42A3-9474-1A3956D46DE8}") = "Basket", "Basket", "{C492276D-E5C3-49A7-B800-464E2AF6690F}"
EndProject
Project("{9A19103F-16F7-4668-BE54-9A1E7A4F7556}") = "Basket.API", "src\Services\Basket\Basket.API\Basket.API.csproj", "{914B260C-769A-41D4-BA66-30B3DD7E8442}"
EndProject
Project("{2150E333-8FDC-42A3-9474-1A3956D46DE8}") = "Discount", "Discount", "{B6C86616-12DF-4964-A12F-A983004232D0}"
EndProject
Project("{9A19103F-16F7-4668-BE54-9A1E7A4F7556}") = "Discount.Grpc", "src\Services\Discount\Discount.Grpc\Discount.Grpc.csproj", "{0EC54FE0-5EAF-4B2F-9FD4-0E2989962917}"
EndProject
Project("{E53339B2-1760-4266-BCC7-CA923CBCF16C}") = "docker-compose", "docker-compose.dcproj", "{E1E13306-A085-4A19-89CB-D7E774503E98}"
EndProject
Global
	GlobalSection(SolutionConfigurationPlatforms) = preSolution
		Debug|Any CPU = Debug|Any CPU
		Release|Any CPU = Release|Any CPU
	EndGlobalSection
	GlobalSection(ProjectConfigurationPlatforms) = postSolution
		{89DBD005-DFBB-496C-B7C9-22F5C503591E}.Debug|Any CPU.ActiveCfg = Debug|Any CPU
		{89DBD005-DFBB-496C-B7C9-22F5C503591E}.Debug|Any CPU.Build.0 = Debug|Any CPU
		{89DBD005-DFBB-496C-B7C9-22F5C503591E}.Release|Any CPU.ActiveCfg = Release|Any CPU
		{89DBD005-DFBB-496C-B7C9-22F5C503591E}.Release|Any CPU.Build.0 = Release|Any CPU
		{6B287A70-003C-4049-BFE8-74AC77AC25CC}.Debug|Any CPU.ActiveCfg = Debug|Any CPU
		{6B287A70-003C-4049-BFE8-74AC77AC25CC}.Debug|Any CPU.Build.0 = Debug|Any CPU
		{6B287A70-003C-4049-BFE8-74AC77AC25CC}.Release|Any CPU.ActiveCfg = Release|Any CPU
		{6B287A70-003C-4049-BFE8-74AC77AC25CC}.Release|Any CPU.Build.0 = Release|Any CPU
		{914B260C-769A-41D4-BA66-30B3DD7E8442}.Debug|Any CPU.ActiveCfg = Debug|Any CPU
		{914B260C-769A-41D4-BA66-30B3DD7E8442}.Debug|Any CPU.Build.0 = Debug|Any CPU
		{914B260C-769A-41D4-BA66-30B3DD7E8442}.Release|Any CPU.ActiveCfg = Release|Any CPU
		{914B260C-769A-41D4-BA66-30B3DD7E8442}.Release|Any CPU.Build.0 = Release|Any CPU
		{0EC54FE0-5EAF-4B2F-9FD4-0E2989962917}.Debug|Any CPU.ActiveCfg = Debug|Any CPU
		{0EC54FE0-5EAF-4B2F-9FD4-0E2989962917}.Debug|Any CPU.Build.0 = Debug|Any CPU
		{0EC54FE0-5EAF-4B2F-9FD4-0E2989962917}.Release|Any CPU.ActiveCfg = Release|Any CPU
		{0EC54FE0-5EAF-4B2F-9FD4-0E2989962917}.Release|Any CPU.Build.0 = Release|Any CPU
		{E1E13306-A085-4A19-89CB-D7E774503E98}.Debug|Any CPU.ActiveCfg = Debug|Any CPU
		{E1E13306-A085-4A19-89CB-D7E774503E98}.Debug|Any CPU.Build.0 = Debug|Any CPU
		{E1E13306-A085-4A19-89CB-D7E774503E98}.Release|Any CPU.ActiveCfg = Release|Any CPU
		{E1E13306-A085-4A19-89CB-D7E774503E98}.Release|Any CPU.Build.0 = Release|Any CPU
	EndGlobalSection
	GlobalSection(SolutionProperties) = preSolution
		HideSolutionNode = FALSE
	EndGlobalSection
	GlobalSection(NestedProjects) = preSolution
		{40F8652B-6940-4868-9241-6B436AD16C91} = {AC2EB133-B772-462E-BA86-A3106F32D268}
		{89DBD005-DFBB-496C-B7C9-22F5C503591E} = {40F8652B-6940-4868-9241-6B436AD16C91}
		{6B287A70-003C-4049-BFE8-74AC77AC25CC} = {0209F43F-56CC-4D9C-96F9-E88DAE80E335}
		{C492276D-E5C3-49A7-B800-464E2AF6690F} = {AC2EB133-B772-462E-BA86-A3106F32D268}
		{914B260C-769A-41D4-BA66-30B3DD7E8442} = {C492276D-E5C3-49A7-B800-464E2AF6690F}
		{B6C86616-12DF-4964-A12F-A983004232D0} = {AC2EB133-B772-462E-BA86-A3106F32D268}
		{0EC54FE0-5EAF-4B2F-9FD4-0E2989962917} = {B6C86616-12DF-4964-A12F-A983004232D0}
	EndGlobalSection
	GlobalSection(ExtensibilityGlobals) = postSolution
		SolutionGuid = {29581E11-47C6-429A-A44D-96D7F63C8E8D}
	EndGlobalSection
EndGlobal
